
Microsoft Visual Studio Solution File, Format Version 12.00
# Visual Studio Version 16
VisualStudioVersion = 16.0.30114.105
MinimumVisualStudioVersion = 10.0.40219.1
Project("{2150E333-8FDC-42A3-9474-1A3956D46DE8}") = "src", "src", "{26E63732-8FA3-4FEF-8863-88AA5A1CD119}"
EndProject
Project("{9A19103F-16F7-4668-BE54-9A1E7A4F7556}") = "Api", "src\Api\Api.csproj", "{E1CAB543-6EB5-4F3C-8849-A2B5FFBCCC38}"
EndProject
Project("{9A19103F-16F7-4668-BE54-9A1E7A4F7556}") = "Core", "src\Core\Core.csproj", "{DEDF0ED6-109C-464A-A6FF-55F16993CF80}"
EndProject
Project("{9A19103F-16F7-4668-BE54-9A1E7A4F7556}") = "Infrastructure", "src\Infrastructure\Infrastructure.csproj", "{F0A13181-526F-4835-A2CD-00A422C689F4}"
EndProject
Project("{2150E333-8FDC-42A3-9474-1A3956D46DE8}") = "tests", "tests", "{8AF969F1-ACD4-497D-BC61-D1B57F068827}"
EndProject
Project("{9A19103F-16F7-4668-BE54-9A1E7A4F7556}") = "UnitTests", "tests\UnitTests\UnitTests.csproj", "{3E7B514C-6997-47A7-99F5-F8EE668D8940}"
EndProject
Project("{FAE04EC0-301F-11D3-BF4B-00C04F79EFBC}") = "Models", "Models\Models.csproj", "{79DD83D1-AC66-47C1-9355-EB3E31A8727D}"
EndProject
Project("{FAE04EC0-301F-11D3-BF4B-00C04F79EFBC}") = "Contracts", "Contracts\Contracts.csproj", "{1393DC8E-98B5-4669-9C19-FEDE15F4B710}"
EndProject
Global
	GlobalSection(SolutionConfigurationPlatforms) = preSolution
		Debug|Any CPU = Debug|Any CPU
		Debug|x64 = Debug|x64
		Debug|x86 = Debug|x86
		Release|Any CPU = Release|Any CPU
		Release|x64 = Release|x64
		Release|x86 = Release|x86
	EndGlobalSection
	GlobalSection(ProjectConfigurationPlatforms) = postSolution
		{E1CAB543-6EB5-4F3C-8849-A2B5FFBCCC38}.Debug|Any CPU.ActiveCfg = Debug|Any CPU
		{E1CAB543-6EB5-4F3C-8849-A2B5FFBCCC38}.Debug|Any CPU.Build.0 = Debug|Any CPU
		{E1CAB543-6EB5-4F3C-8849-A2B5FFBCCC38}.Debug|x64.ActiveCfg = Debug|Any CPU
		{E1CAB543-6EB5-4F3C-8849-A2B5FFBCCC38}.Debug|x64.Build.0 = Debug|Any CPU
		{E1CAB543-6EB5-4F3C-8849-A2B5FFBCCC38}.Debug|x86.ActiveCfg = Debug|Any CPU
		{E1CAB543-6EB5-4F3C-8849-A2B5FFBCCC38}.Debug|x86.Build.0 = Debug|Any CPU
		{E1CAB543-6EB5-4F3C-8849-A2B5FFBCCC38}.Release|Any CPU.ActiveCfg = Release|Any CPU
		{E1CAB543-6EB5-4F3C-8849-A2B5FFBCCC38}.Release|Any CPU.Build.0 = Release|Any CPU
		{E1CAB543-6EB5-4F3C-8849-A2B5FFBCCC38}.Release|x64.ActiveCfg = Release|Any CPU
		{E1CAB543-6EB5-4F3C-8849-A2B5FFBCCC38}.Release|x64.Build.0 = Release|Any CPU
		{E1CAB543-6EB5-4F3C-8849-A2B5FFBCCC38}.Release|x86.ActiveCfg = Release|Any CPU
		{E1CAB543-6EB5-4F3C-8849-A2B5FFBCCC38}.Release|x86.Build.0 = Release|Any CPU
		{DEDF0ED6-109C-464A-A6FF-55F16993CF80}.Debug|Any CPU.ActiveCfg = Debug|Any CPU
		{DEDF0ED6-109C-464A-A6FF-55F16993CF80}.Debug|Any CPU.Build.0 = Debug|Any CPU
		{DEDF0ED6-109C-464A-A6FF-55F16993CF80}.Debug|x64.ActiveCfg = Debug|Any CPU
		{DEDF0ED6-109C-464A-A6FF-55F16993CF80}.Debug|x64.Build.0 = Debug|Any CPU
		{DEDF0ED6-109C-464A-A6FF-55F16993CF80}.Debug|x86.ActiveCfg = Debug|Any CPU
		{DEDF0ED6-109C-464A-A6FF-55F16993CF80}.Debug|x86.Build.0 = Debug|Any CPU
		{DEDF0ED6-109C-464A-A6FF-55F16993CF80}.Release|Any CPU.ActiveCfg = Release|Any CPU
		{DEDF0ED6-109C-464A-A6FF-55F16993CF80}.Release|Any CPU.Build.0 = Release|Any CPU
		{DEDF0ED6-109C-464A-A6FF-55F16993CF80}.Release|x64.ActiveCfg = Release|Any CPU
		{DEDF0ED6-109C-464A-A6FF-55F16993CF80}.Release|x64.Build.0 = Release|Any CPU
		{DEDF0ED6-109C-464A-A6FF-55F16993CF80}.Release|x86.ActiveCfg = Release|Any CPU
		{DEDF0ED6-109C-464A-A6FF-55F16993CF80}.Release|x86.Build.0 = Release|Any CPU
		{F0A13181-526F-4835-A2CD-00A422C689F4}.Debug|Any CPU.ActiveCfg = Debug|Any CPU
		{F0A13181-526F-4835-A2CD-00A422C689F4}.Debug|Any CPU.Build.0 = Debug|Any CPU
		{F0A13181-526F-4835-A2CD-00A422C689F4}.Debug|x64.ActiveCfg = Debug|Any CPU
		{F0A13181-526F-4835-A2CD-00A422C689F4}.Debug|x64.Build.0 = Debug|Any CPU
		{F0A13181-526F-4835-A2CD-00A422C689F4}.Debug|x86.ActiveCfg = Debug|Any CPU
		{F0A13181-526F-4835-A2CD-00A422C689F4}.Debug|x86.Build.0 = Debug|Any CPU
		{F0A13181-526F-4835-A2CD-00A422C689F4}.Release|Any CPU.ActiveCfg = Release|Any CPU
		{F0A13181-526F-4835-A2CD-00A422C689F4}.Release|Any CPU.Build.0 = Release|Any CPU
		{F0A13181-526F-4835-A2CD-00A422C689F4}.Release|x64.ActiveCfg = Release|Any CPU
		{F0A13181-526F-4835-A2CD-00A422C689F4}.Release|x64.Build.0 = Release|Any CPU
		{F0A13181-526F-4835-A2CD-00A422C689F4}.Release|x86.ActiveCfg = Release|Any CPU
		{F0A13181-526F-4835-A2CD-00A422C689F4}.Release|x86.Build.0 = Release|Any CPU
		{3E7B514C-6997-47A7-99F5-F8EE668D8940}.Debug|Any CPU.ActiveCfg = Debug|Any CPU
		{3E7B514C-6997-47A7-99F5-F8EE668D8940}.Debug|Any CPU.Build.0 = Debug|Any CPU
		{3E7B514C-6997-47A7-99F5-F8EE668D8940}.Debug|x64.ActiveCfg = Debug|Any CPU
		{3E7B514C-6997-47A7-99F5-F8EE668D8940}.Debug|x64.Build.0 = Debug|Any CPU
		{3E7B514C-6997-47A7-99F5-F8EE668D8940}.Debug|x86.ActiveCfg = Debug|Any CPU
		{3E7B514C-6997-47A7-99F5-F8EE668D8940}.Debug|x86.Build.0 = Debug|Any CPU
		{3E7B514C-6997-47A7-99F5-F8EE668D8940}.Release|Any CPU.ActiveCfg = Release|Any CPU
		{3E7B514C-6997-47A7-99F5-F8EE668D8940}.Release|Any CPU.Build.0 = Release|Any CPU
		{3E7B514C-6997-47A7-99F5-F8EE668D8940}.Release|x64.ActiveCfg = Release|Any CPU
		{3E7B514C-6997-47A7-99F5-F8EE668D8940}.Release|x64.Build.0 = Release|Any CPU
		{3E7B514C-6997-47A7-99F5-F8EE668D8940}.Release|x86.ActiveCfg = Release|Any CPU
		{3E7B514C-6997-47A7-99F5-F8EE668D8940}.Release|x86.Build.0 = Release|Any CPU
		{79DD83D1-AC66-47C1-9355-EB3E31A8727D}.Debug|Any CPU.ActiveCfg = Debug|Any CPU
		{79DD83D1-AC66-47C1-9355-EB3E31A8727D}.Debug|Any CPU.Build.0 = Debug|Any CPU
		{79DD83D1-AC66-47C1-9355-EB3E31A8727D}.Debug|x64.ActiveCfg = Debug|Any CPU
		{79DD83D1-AC66-47C1-9355-EB3E31A8727D}.Debug|x64.Build.0 = Debug|Any CPU
		{79DD83D1-AC66-47C1-9355-EB3E31A8727D}.Debug|x86.ActiveCfg = Debug|Any CPU
		{79DD83D1-AC66-47C1-9355-EB3E31A8727D}.Debug|x86.Build.0 = Debug|Any CPU
		{79DD83D1-AC66-47C1-9355-EB3E31A8727D}.Release|Any CPU.ActiveCfg = Release|Any CPU
		{79DD83D1-AC66-47C1-9355-EB3E31A8727D}.Release|Any CPU.Build.0 = Release|Any CPU
		{79DD83D1-AC66-47C1-9355-EB3E31A8727D}.Release|x64.ActiveCfg = Release|Any CPU
		{79DD83D1-AC66-47C1-9355-EB3E31A8727D}.Release|x64.Build.0 = Release|Any CPU
		{79DD83D1-AC66-47C1-9355-EB3E31A8727D}.Release|x86.ActiveCfg = Release|Any CPU
		{79DD83D1-AC66-47C1-9355-EB3E31A8727D}.Release|x86.Build.0 = Release|Any CPU
		{1393DC8E-98B5-4669-9C19-FEDE15F4B710}.Debug|Any CPU.ActiveCfg = Debug|Any CPU
		{1393DC8E-98B5-4669-9C19-FEDE15F4B710}.Debug|Any CPU.Build.0 = Debug|Any CPU
		{1393DC8E-98B5-4669-9C19-FEDE15F4B710}.Debug|x64.ActiveCfg = Debug|Any CPU
		{1393DC8E-98B5-4669-9C19-FEDE15F4B710}.Debug|x64.Build.0 = Debug|Any CPU
		{1393DC8E-98B5-4669-9C19-FEDE15F4B710}.Debug|x86.ActiveCfg = Debug|Any CPU
		{1393DC8E-98B5-4669-9C19-FEDE15F4B710}.Debug|x86.Build.0 = Debug|Any CPU
		{1393DC8E-98B5-4669-9C19-FEDE15F4B710}.Release|Any CPU.ActiveCfg = Release|Any CPU
		{1393DC8E-98B5-4669-9C19-FEDE15F4B710}.Release|Any CPU.Build.0 = Release|Any CPU
		{1393DC8E-98B5-4669-9C19-FEDE15F4B710}.Release|x64.ActiveCfg = Release|Any CPU
		{1393DC8E-98B5-4669-9C19-FEDE15F4B710}.Release|x64.Build.0 = Release|Any CPU
		{1393DC8E-98B5-4669-9C19-FEDE15F4B710}.Release|x86.ActiveCfg = Release|Any CPU
		{1393DC8E-98B5-4669-9C19-FEDE15F4B710}.Release|x86.Build.0 = Release|Any CPU
	EndGlobalSection
	GlobalSection(SolutionProperties) = preSolution
		HideSolutionNode = FALSE
	EndGlobalSection
	GlobalSection(NestedProjects) = preSolution
		{E1CAB543-6EB5-4F3C-8849-A2B5FFBCCC38} = {26E63732-8FA3-4FEF-8863-88AA5A1CD119}
		{DEDF0ED6-109C-464A-A6FF-55F16993CF80} = {26E63732-8FA3-4FEF-8863-88AA5A1CD119}
		{F0A13181-526F-4835-A2CD-00A422C689F4} = {26E63732-8FA3-4FEF-8863-88AA5A1CD119}
		{3E7B514C-6997-47A7-99F5-F8EE668D8940} = {8AF969F1-ACD4-497D-BC61-D1B57F068827}
		{79DD83D1-AC66-47C1-9355-EB3E31A8727D} = {26E63732-8FA3-4FEF-8863-88AA5A1CD119}
		{1393DC8E-98B5-4669-9C19-FEDE15F4B710} = {26E63732-8FA3-4FEF-8863-88AA5A1CD119}
	EndGlobalSection
	GlobalSection(ExtensibilityGlobals) = postSolution
		SolutionGuid = {029F1108-BC58-4F4E-A44A-C2660F5790BE}
	EndGlobalSection
EndGlobal
